{
  "pins" : [
    {
      "identity" : "posthog-ios",
      "kind" : "remoteSourceControl",
      "location" : "https://github.com/PostHog/posthog-ios",
      "state" : {
        "revision" : "f271e65b58ad5286df38ce4d759ceb6f8db13c5b",
        "version" : "3.69.3"
      }
    }
  ],
  "version" : 2
}
